// !$*UTF8*$!
{
	archiveVersion = 1;
	classes = {
	};
	objectVersion = 56;
	objects = {

/* Begin PBXBuildFile section */
		C96209272B5FC90900B42301 /* Ingredient.swift in Sources */ = {isa = PBXBuildFile; fileRef = C96209262B5FC90900B42301 /* Ingredient.swift */; };
		C96209282B5FC90900B42301 /* Ingredient.swift in Sources */ = {isa = PBXBuildFile; fileRef = C96209262B5FC90900B42301 /* Ingredient.swift */; };
		C962092A2B5FD6FC00B42301 /* Ingredients.swift in Sources */ = {isa = PBXBuildFile; fileRef = C96209292B5FD6FC00B42301 /* Ingredients.swift */; };
		C962092B2B5FD6FC00B42301 /* Ingredients.swift in Sources */ = {isa = PBXBuildFile; fileRef = C96209292B5FD6FC00B42301 /* Ingredients.swift */; };
		C9D79BEF2B5FC59000CBDAFD /* YummiApp.swift in Sources */ = {isa = PBXBuildFile; fileRef = C9D79BEE2B5FC59000CBDAFD /* YummiApp.swift */; };
		C9D79BF12B5FC59000CBDAFD /* ContentView.swift in Sources */ = {isa = PBXBuildFile; fileRef = C9D79BF02B5FC59000CBDAFD /* ContentView.swift */; };
		C9D79BF32B5FC59200CBDAFD /* Assets.xcassets in Resources */ = {isa = PBXBuildFile; fileRef = C9D79BF22B5FC59200CBDAFD /* Assets.xcassets */; };
		C9D79BF62B5FC59200CBDAFD /* Preview Assets.xcassets in Resources */ = {isa = PBXBuildFile; fileRef = C9D79BF52B5FC59200CBDAFD /* Preview Assets.xcassets */; };
		C9D79C002B5FC59200CBDAFD /* YummiTests.swift in Sources */ = {isa = PBXBuildFile; fileRef = C9D79BFF2B5FC59200CBDAFD /* YummiTests.swift */; };
		C9D79C0A2B5FC59200CBDAFD /* YummiUITests.swift in Sources */ = {isa = PBXBuildFile; fileRef = C9D79C092B5FC59200CBDAFD /* YummiUITests.swift */; };
		C9D79C0C2B5FC59200CBDAFD /* YummiUITestsLaunchTests.swift in Sources */ = {isa = PBXBuildFile; fileRef = C9D79C0B2B5FC59200CBDAFD /* YummiUITestsLaunchTests.swift */; };
		C9E24DB62B6D55F900383009 /* RecipeView.swift in Sources */ = {isa = PBXBuildFile; fileRef = C9E24DB52B6D55F900383009 /* RecipeView.swift */; };
		C9E24DB82B6D577B00383009 /* Recipe.swift in Sources */ = {isa = PBXBuildFile; fileRef = C9E24DB72B6D577B00383009 /* Recipe.swift */; };
/* End PBXBuildFile section */

/* Begin PBXContainerItemProxy section */
		C9D79BFC2B5FC59200CBDAFD /* PBXContainerItemProxy */ = {
			isa = PBXContainerItemProxy;
			containerPortal = C9D79BE32B5FC59000CBDAFD /* Project object */;
			proxyType = 1;
			remoteGlobalIDString = C9D79BEA2B5FC59000CBDAFD;
			remoteInfo = Yummi;
		};
		C9D79C062B5FC59200CBDAFD /* PBXContainerItemProxy */ = {
			isa = PBXContainerItemProxy;
			containerPortal = C9D79BE32B5FC59000CBDAFD /* Project object */;
			proxyType = 1;
			remoteGlobalIDString = C9D79BEA2B5FC59000CBDAFD;
			remoteInfo = Yummi;
		};
/* End PBXContainerItemProxy section */

/* Begin PBXFileReference section */
		C96209262B5FC90900B42301 /* Ingredient.swift */ = {isa = PBXFileReference; lastKnownFileType = sourcecode.swift; path = Ingredient.swift; sourceTree = "<group>"; };
		C96209292B5FD6FC00B42301 /* Ingredients.swift */ = {isa = PBXFileReference; lastKnownFileType = sourcecode.swift; path = Ingredients.swift; sourceTree = "<group>"; };
		C9D79BEB2B5FC59000CBDAFD /* Yummi.app */ = {isa = PBXFileReference; explicitFileType = wrapper.application; includeInIndex = 0; path = Yummi.app; sourceTree = BUILT_PRODUCTS_DIR; };
		C9D79BEE2B5FC59000CBDAFD /* YummiApp.swift */ = {isa = PBXFileReference; lastKnownFileType = sourcecode.swift; path = YummiApp.swift; sourceTree = "<group>"; };
		C9D79BF02B5FC59000CBDAFD /* ContentView.swift */ = {isa = PBXFileReference; lastKnownFileType = sourcecode.swift; path = ContentView.swift; sourceTree = "<group>"; };
		C9D79BF22B5FC59200CBDAFD /* Assets.xcassets */ = {isa = PBXFileReference; lastKnownFileType = folder.assetcatalog; path = Assets.xcassets; sourceTree = "<group>"; };
		C9D79BF52B5FC59200CBDAFD /* Preview Assets.xcassets */ = {isa = PBXFileReference; lastKnownFileType = folder.assetcatalog; path = "Preview Assets.xcassets"; sourceTree = "<group>"; };
		C9D79BFB2B5FC59200CBDAFD /* YummiTests.xctest */ = {isa = PBXFileReference; explicitFileType = wrapper.cfbundle; includeInIndex = 0; path = YummiTests.xctest; sourceTree = BUILT_PRODUCTS_DIR; };
		C9D79BFF2B5FC59200CBDAFD /* YummiTests.swift */ = {isa = PBXFileReference; lastKnownFileType = sourcecode.swift; path = YummiTests.swift; sourceTree = "<group>"; };
		C9D79C052B5FC59200CBDAFD /* YummiUITests.xctest */ = {isa = PBXFileReference; explicitFileType = wrapper.cfbundle; includeInIndex = 0; path = YummiUITests.xctest; sourceTree = BUILT_PRODUCTS_DIR; };
		C9D79C092B5FC59200CBDAFD /* YummiUITests.swift */ = {isa = PBXFileReference; lastKnownFileType = sourcecode.swift; path = YummiUITests.swift; sourceTree = "<group>"; };
		C9D79C0B2B5FC59200CBDAFD /* YummiUITestsLaunchTests.swift */ = {isa = PBXFileReference; lastKnownFileType = sourcecode.swift; path = YummiUITestsLaunchTests.swift; sourceTree = "<group>"; };
		C9E24DB52B6D55F900383009 /* RecipeView.swift */ = {isa = PBXFileReference; lastKnownFileType = sourcecode.swift; path = RecipeView.swift; sourceTree = "<group>"; };
		C9E24DB72B6D577B00383009 /* Recipe.swift */ = {isa = PBXFileReference; lastKnownFileType = sourcecode.swift; path = Recipe.swift; sourceTree = "<group>"; };
/* End PBXFileReference section */

/* Begin PBXFrameworksBuildPhase section */
		C9D79BE82B5FC59000CBDAFD /* Frameworks */ = {
			isa = PBXFrameworksBuildPhase;
			buildActionMask = 2147483647;
			files = (
			);
			runOnlyForDeploymentPostprocessing = 0;
		};
		C9D79BF82B5FC59200CBDAFD /* Frameworks */ = {
			isa = PBXFrameworksBuildPhase;
			buildActionMask = 2147483647;
			files = (
			);
			runOnlyForDeploymentPostprocessing = 0;
		};
		C9D79C022B5FC59200CBDAFD /* Frameworks */ = {
			isa = PBXFrameworksBuildPhase;
			buildActionMask = 2147483647;
			files = (
			);
			runOnlyForDeploymentPostprocessing = 0;
		};
/* End PBXFrameworksBuildPhase section */

/* Begin PBXGroup section */
		C9D79BE22B5FC59000CBDAFD = {
			isa = PBXGroup;
			children = (
				C9D79BED2B5FC59000CBDAFD /* Yummi */,
				C9D79BFE2B5FC59200CBDAFD /* YummiTests */,
				C9D79C082B5FC59200CBDAFD /* YummiUITests */,
				C9D79BEC2B5FC59000CBDAFD /* Products */,
			);
			sourceTree = "<group>";
		};
		C9D79BEC2B5FC59000CBDAFD /* Products */ = {
			isa = PBXGroup;
			children = (
				C9D79BEB2B5FC59000CBDAFD /* Yummi.app */,
				C9D79BFB2B5FC59200CBDAFD /* YummiTests.xctest */,
				C9D79C052B5FC59200CBDAFD /* YummiUITests.xctest */,
			);
			name = Products;
			sourceTree = "<group>";
		};
		C9D79BED2B5FC59000CBDAFD /* Yummi */ = {
			isa = PBXGroup;
			children = (
				C9E24DB42B6D55A300383009 /* view */,
				C9E24DB22B6D557900383009 /* moddle */,
				C9D79BEE2B5FC59000CBDAFD /* YummiApp.swift */,
				C9D79BF22B5FC59200CBDAFD /* Assets.xcassets */,
				C9D79BF42B5FC59200CBDAFD /* Preview Content */,
			);
			path = Yummi;
			sourceTree = "<group>";
		};
		C9D79BF42B5FC59200CBDAFD /* Preview Content */ = {
			isa = PBXGroup;
			children = (
				C9D79BF52B5FC59200CBDAFD /* Preview Assets.xcassets */,
			);
			path = "Preview Content";
			sourceTree = "<group>";
		};
		C9D79BFE2B5FC59200CBDAFD /* YummiTests */ = {
			isa = PBXGroup;
			children = (
				C9D79BFF2B5FC59200CBDAFD /* YummiTests.swift */,
			);
			path = YummiTests;
			sourceTree = "<group>";
		};
		C9D79C082B5FC59200CBDAFD /* YummiUITests */ = {
			isa = PBXGroup;
			children = (
				C9D79C092B5FC59200CBDAFD /* YummiUITests.swift */,
				C9D79C0B2B5FC59200CBDAFD /* YummiUITestsLaunchTests.swift */,
			);
			path = YummiUITests;
			sourceTree = "<group>";
		};
		C9E24DB22B6D557900383009 /* moddle */ = {
			isa = PBXGroup;
			children = (
				C96209262B5FC90900B42301 /* Ingredient.swift */,
				C96209292B5FD6FC00B42301 /* Ingredients.swift */,
				C9E24DB72B6D577B00383009 /* Recipe.swift */,
			);
			path = moddle;
			sourceTree = "<group>";
		};
		C9E24DB42B6D55A300383009 /* view */ = {
			isa = PBXGroup;
			children = (
				C9D79BF02B5FC59000CBDAFD /* ContentView.swift */,
				C9E24DB52B6D55F900383009 /* RecipeView.swift */,
			);
			path = view;
			sourceTree = "<group>";
		};
/* End PBXGroup section */

/* Begin PBXNativeTarget section */
		C9D79BEA2B5FC59000CBDAFD /* Yummi */ = {
			isa = PBXNativeTarget;
			buildConfigurationList = C9D79C0F2B5FC59200CBDAFD /* Build configuration list for PBXNativeTarget "Yummi" */;
			buildPhases = (
				C9D79BE72B5FC59000CBDAFD /* Sources */,
				C9D79BE82B5FC59000CBDAFD /* Frameworks */,
				C9D79BE92B5FC59000CBDAFD /* Resources */,
			);
			buildRules = (
			);
			dependencies = (
			);
			name = Yummi;
			productName = Yummi;
			productReference = C9D79BEB2B5FC59000CBDAFD /* Yummi.app */;
			productType = "com.apple.product-type.application";
		};
		C9D79BFA2B5FC59200CBDAFD /* YummiTests */ = {
			isa = PBXNativeTarget;
			buildConfigurationList = C9D79C122B5FC59200CBDAFD /* Build configuration list for PBXNativeTarget "YummiTests" */;
			buildPhases = (
				C9D79BF72B5FC59200CBDAFD /* Sources */,
				C9D79BF82B5FC59200CBDAFD /* Frameworks */,
				C9D79BF92B5FC59200CBDAFD /* Resources */,
			);
			buildRules = (
			);
			dependencies = (
				C9D79BFD2B5FC59200CBDAFD /* PBXTargetDependency */,
			);
			name = YummiTests;
			productName = YummiTests;
			productReference = C9D79BFB2B5FC59200CBDAFD /* YummiTests.xctest */;
			productType = "com.apple.product-type.bundle.unit-test";
		};
		C9D79C042B5FC59200CBDAFD /* YummiUITests */ = {
			isa = PBXNativeTarget;
			buildConfigurationList = C9D79C152B5FC59200CBDAFD /* Build configuration list for PBXNativeTarget "YummiUITests" */;
			buildPhases = (
				C9D79C012B5FC59200CBDAFD /* Sources */,
				C9D79C022B5FC59200CBDAFD /* Frameworks */,
				C9D79C032B5FC59200CBDAFD /* Resources */,
			);
			buildRules = (
			);
			dependencies = (
				C9D79C072B5FC59200CBDAFD /* PBXTargetDependency */,
			);
			name = YummiUITests;
			productName = YummiUITests;
			productReference = C9D79C052B5FC59200CBDAFD /* YummiUITests.xctest */;
			productType = "com.apple.product-type.bundle.ui-testing";
		};
/* End PBXNativeTarget section */

/* Begin PBXProject section */
		C9D79BE32B5FC59000CBDAFD /* Project object */ = {
			isa = PBXProject;
			attributes = {
				BuildIndependentTargetsInParallel = 1;
				LastSwiftUpdateCheck = 1520;
				LastUpgradeCheck = 1520;
				TargetAttributes = {
					C9D79BEA2B5FC59000CBDAFD = {
						CreatedOnToolsVersion = 15.2;
					};
					C9D79BFA2B5FC59200CBDAFD = {
						CreatedOnToolsVersion = 15.2;
						TestTargetID = C9D79BEA2B5FC59000CBDAFD;
					};
					C9D79C042B5FC59200CBDAFD = {
						CreatedOnToolsVersion = 15.2;
						TestTargetID = C9D79BEA2B5FC59000CBDAFD;
					};
				};
			};
			buildConfigurationList = C9D79BE62B5FC59000CBDAFD /* Build configuration list for PBXProject "Yummi" */;
			compatibilityVersion = "Xcode 14.0";
			developmentRegion = en;
			hasScannedForEncodings = 0;
			knownRegions = (
				en,
				Base,
			);
			mainGroup = C9D79BE22B5FC59000CBDAFD;
			productRefGroup = C9D79BEC2B5FC59000CBDAFD /* Products */;
			projectDirPath = "";
			projectRoot = "";
			targets = (
				C9D79BEA2B5FC59000CBDAFD /* Yummi */,
				C9D79BFA2B5FC59200CBDAFD /* YummiTests */,
				C9D79C042B5FC59200CBDAFD /* YummiUITests */,
			);
		};
/* End PBXProject section */

/* Begin PBXResourcesBuildPhase section */
		C9D79BE92B5FC59000CBDAFD /* Resources */ = {
			isa = PBXResourcesBuildPhase;
			buildActionMask = 2147483647;
			files = (
				C9D79BF62B5FC59200CBDAFD /* Preview Assets.xcassets in Resources */,
				C9D79BF32B5FC59200CBDAFD /* Assets.xcassets in Resources */,
			);
			runOnlyForDeploymentPostprocessing = 0;
		};
		C9D79BF92B5FC59200CBDAFD /* Resources */ = {
			isa = PBXResourcesBuildPhase;
			buildActionMask = 2147483647;
			files = (
			);
			runOnlyForDeploymentPostprocessing = 0;
		};
		C9D79C032B5FC59200CBDAFD /* Resources */ = {
			isa = PBXResourcesBuildPhase;
			buildActionMask = 2147483647;
			files = (
			);
			runOnlyForDeploymentPostprocessing = 0;
		};
/* End PBXResourcesBuildPhase section */

/* Begin PBXSourcesBuildPhase section */
		C9D79BE72B5FC59000CBDAFD /* Sources */ = {
			isa = PBXSourcesBuildPhase;
			buildActionMask = 2147483647;
			files = (
				C962092A2B5FD6FC00B42301 /* Ingredients.swift in Sources */,
				C9D79BF12B5FC59000CBDAFD /* ContentView.swift in Sources */,
				C9E24DB62B6D55F900383009 /* RecipeView.swift in Sources */,
				C9E24DB82B6D577B00383009 /* Recipe.swift in Sources */,
				C9D79BEF2B5FC59000CBDAFD /* YummiApp.swift in Sources */,
				C96209272B5FC90900B42301 /* Ingredient.swift in Sources */,
			);
			runOnlyForDeploymentPostprocessing = 0;
		};
		C9D79BF72B5FC59200CBDAFD /* Sources */ = {
			isa = PBXSourcesBuildPhase;
			buildActionMask = 2147483647;
			files = (
				C96209282B5FC90900B42301 /* Ingredient.swift in Sources */,
				C962092B2B5FD6FC00B42301 /* Ingredients.swift in Sources */,
				C9D79C002B5FC59200CBDAFD /* YummiTests.swift in Sources */,
			);
			runOnlyForDeploymentPostprocessing = 0;
		};
		C9D79C012B5FC59200CBDAFD /* Sources */ = {
			isa = PBXSourcesBuildPhase;
			buildActionMask = 2147483647;
			files = (
				C9D79C0C2B5FC59200CBDAFD /* YummiUITestsLaunchTests.swift in Sources */,
				C9D79C0A2B5FC59200CBDAFD /* YummiUITests.swift in Sources */,
			);
			runOnlyForDeploymentPostprocessing = 0;
		};
/* End PBXSourcesBuildPhase section */

/* Begin PBXTargetDependency section */
		C9D79BFD2B5FC59200CBDAFD /* PBXTargetDependency */ = {
			isa = PBXTargetDependency;
			target = C9D79BEA2B5FC59000CBDAFD /* Yummi */;
			targetProxy = C9D79BFC2B5FC59200CBDAFD /* PBXContainerItemProxy */;
		};
		C9D79C072B5FC59200CBDAFD /* PBXTargetDependency */ = {
			isa = PBXTargetDependency;
			target = C9D79BEA2B5FC59000CBDAFD /* Yummi */;
			targetProxy = C9D79C062B5FC59200CBDAFD /* PBXContainerItemProxy */;
		};
/* End PBXTargetDependency section */

/* Begin XCBuildConfiguration section */
		C9D79C0D2B5FC59200CBDAFD /* Debug */ = {
			isa = XCBuildConfiguration;
			buildSettings = {
				ALWAYS_SEARCH_USER_PATHS = NO;
				ASSETCATALOG_COMPILER_GENERATE_SWIFT_ASSET_SYMBOL_EXTENSIONS = YES;
				CLANG_ANALYZER_NONNULL = YES;
				CLANG_ANALYZER_NUMBER_OBJECT_CONVERSION = YES_AGGRESSIVE;
				CLANG_CXX_LANGUAGE_STANDARD = "gnu++20";
				CLANG_ENABLE_MODULES = YES;
				CLANG_ENABLE_OBJC_ARC = YES;
				CLANG_ENABLE_OBJC_WEAK = YES;
				CLANG_WARN_BLOCK_CAPTURE_AUTORELEASING = YES;
				CLANG_WARN_BOOL_CONVERSION = YES;
				CLANG_WARN_COMMA = YES;
				CLANG_WARN_CONSTANT_CONVERSION = YES;
				CLANG_WARN_DEPRECATED_OBJC_IMPLEMENTATIONS = YES;
				CLANG_WARN_DIRECT_OBJC_ISA_USAGE = YES_ERROR;
				CLANG_WARN_DOCUMENTATION_COMMENTS = YES;
				CLANG_WARN_EMPTY_BODY = YES;
				CLANG_WARN_ENUM_CONVERSION = YES;
				CLANG_WARN_INFINITE_RECURSION = YES;
				CLANG_WARN_INT_CONVERSION = YES;
				CLANG_WARN_NON_LITERAL_NULL_CONVERSION = YES;
				CLANG_WARN_OBJC_IMPLICIT_RETAIN_SELF = YES;
				CLANG_WARN_OBJC_LITERAL_CONVERSION = YES;
				CLANG_WARN_OBJC_ROOT_CLASS = YES_ERROR;
				CLANG_WARN_QUOTED_INCLUDE_IN_FRAMEWORK_HEADER = YES;
				CLANG_WARN_RANGE_LOOP_ANALYSIS = YES;
				CLANG_WARN_STRICT_PROTOTYPES = YES;
				CLANG_WARN_SUSPICIOUS_MOVE = YES;
				CLANG_WARN_UNGUARDED_AVAILABILITY = YES_AGGRESSIVE;
				CLANG_WARN_UNREACHABLE_CODE = YES;
				CLANG_WARN__DUPLICATE_METHOD_MATCH = YES;
				COPY_PHASE_STRIP = NO;
				DEBUG_INFORMATION_FORMAT = dwarf;
				ENABLE_STRICT_OBJC_MSGSEND = YES;
				ENABLE_TESTABILITY = YES;
				ENABLE_USER_SCRIPT_SANDBOXING = YES;
				GCC_C_LANGUAGE_STANDARD = gnu17;
				GCC_DYNAMIC_NO_PIC = NO;
				GCC_NO_COMMON_BLOCKS = YES;
				GCC_OPTIMIZATION_LEVEL = 0;
				GCC_PREPROCESSOR_DEFINITIONS = (
					"DEBUG=1",
					"$(inherited)",
				);
				GCC_WARN_64_TO_32_BIT_CONVERSION = YES;
				GCC_WARN_ABOUT_RETURN_TYPE = YES_ERROR;
				GCC_WARN_UNDECLARED_SELECTOR = YES;
				GCC_WARN_UNINITIALIZED_AUTOS = YES_AGGRESSIVE;
				GCC_WARN_UNUSED_FUNCTION = YES;
				GCC_WARN_UNUSED_VARIABLE = YES;
				IPHONEOS_DEPLOYMENT_TARGET = 17.2;
				LOCALIZATION_PREFERS_STRING_CATALOGS = YES;
				MTL_ENABLE_DEBUG_INFO = INCLUDE_SOURCE;
				MTL_FAST_MATH = YES;
				ONLY_ACTIVE_ARCH = YES;
				SDKROOT = iphoneos;
				SWIFT_ACTIVE_COMPILATION_CONDITIONS = "DEBUG $(inherited)";
				SWIFT_OPTIMIZATION_LEVEL = "-Onone";
			};
			name = Debug;
		};
		C9D79C0E2B5FC59200CBDAFD /* Release */ = {
			isa = XCBuildConfiguration;
			buildSettings = {
				ALWAYS_SEARCH_USER_PATHS = NO;
				ASSETCATALOG_COMPILER_GENERATE_SWIFT_ASSET_SYMBOL_EXTENSIONS = YES;
				CLANG_ANALYZER_NONNULL = YES;
				CLANG_ANALYZER_NUMBER_OBJECT_CONVERSION = YES_AGGRESSIVE;
				CLANG_CXX_LANGUAGE_STANDARD = "gnu++20";
				CLANG_ENABLE_MODULES = YES;
				CLANG_ENABLE_OBJC_ARC = YES;
				CLANG_ENABLE_OBJC_WEAK = YES;
				CLANG_WARN_BLOCK_CAPTURE_AUTORELEASING = YES;
				CLANG_WARN_BOOL_CONVERSION = YES;
				CLANG_WARN_COMMA = YES;
				CLANG_WARN_CONSTANT_CONVERSION = YES;
				CLANG_WARN_DEPRECATED_OBJC_IMPLEMENTATIONS = YES;
				CLANG_WARN_DIRECT_OBJC_ISA_USAGE = YES_ERROR;
				CLANG_WARN_DOCUMENTATION_COMMENTS = YES;
				CLANG_WARN_EMPTY_BODY = YES;
				CLANG_WARN_ENUM_CONVERSION = YES;
				CLANG_WARN_INFINITE_RECURSION = YES;
				CLANG_WARN_INT_CONVERSION = YES;
				CLANG_WARN_NON_LITERAL_NULL_CONVERSION = YES;
				CLANG_WARN_OBJC_IMPLICIT_RETAIN_SELF = YES;
				CLANG_WARN_OBJC_LITERAL_CONVERSION = YES;
				CLANG_WARN_OBJC_ROOT_CLASS = YES_ERROR;
				CLANG_WARN_QUOTED_INCLUDE_IN_FRAMEWORK_HEADER = YES;
				CLANG_WARN_RANGE_LOOP_ANALYSIS = YES;
				CLANG_WARN_STRICT_PROTOTYPES = YES;
				CLANG_WARN_SUSPICIOUS_MOVE = YES;
				CLANG_WARN_UNGUARDED_AVAILABILITY = YES_AGGRESSIVE;
				CLANG_WARN_UNREACHABLE_CODE = YES;
				CLANG_WARN__DUPLICATE_METHOD_MATCH = YES;
				COPY_PHASE_STRIP = NO;
				DEBUG_INFORMATION_FORMAT = "dwarf-with-dsym";
				ENABLE_NS_ASSERTIONS = NO;
				ENABLE_STRICT_OBJC_MSGSEND = YES;
				ENABLE_USER_SCRIPT_SANDBOXING = YES;
				GCC_C_LANGUAGE_STANDARD = gnu17;
				GCC_NO_COMMON_BLOCKS = YES;
				GCC_WARN_64_TO_32_BIT_CONVERSION = YES;
				GCC_WARN_ABOUT_RETURN_TYPE = YES_ERROR;
				GCC_WARN_UNDECLARED_SELECTOR = YES;
				GCC_WARN_UNINITIALIZED_AUTOS = YES_AGGRESSIVE;
				GCC_WARN_UNUSED_FUNCTION = YES;
				GCC_WARN_UNUSED_VARIABLE = YES;
				IPHONEOS_DEPLOYMENT_TARGET = 17.2;
				LOCALIZATION_PREFERS_STRING_CATALOGS = YES;
				MTL_ENABLE_DEBUG_INFO = NO;
				MTL_FAST_MATH = YES;
				SDKROOT = iphoneos;
				SWIFT_COMPILATION_MODE = wholemodule;
				VALIDATE_PRODUCT = YES;
			};
			name = Release;
		};
		C9D79C102B5FC59200CBDAFD /* Debug */ = {
			isa = XCBuildConfiguration;
			buildSettings = {
				ASSETCATALOG_COMPILER_APPICON_NAME = AppIcon;
				ASSETCATALOG_COMPILER_GLOBAL_ACCENT_COLOR_NAME = AccentColor;
				CODE_SIGN_STYLE = Automatic;
				CURRENT_PROJECT_VERSION = 1;
				DEVELOPMENT_ASSET_PATHS = "\"Yummi/Preview Content\"";
				ENABLE_PREVIEWS = YES;
				GENERATE_INFOPLIST_FILE = YES;
				INFOPLIST_KEY_UIApplicationSceneManifest_Generation = YES;
				INFOPLIST_KEY_UIApplicationSupportsIndirectInputEvents = YES;
				INFOPLIST_KEY_UILaunchScreen_Generation = YES;
				INFOPLIST_KEY_UISupportedInterfaceOrientations_iPad = "UIInterfaceOrientationPortrait UIInterfaceOrientationPortraitUpsideDown UIInterfaceOrientationLandscapeLeft UIInterfaceOrientationLandscapeRight";
				INFOPLIST_KEY_UISupportedInterfaceOrientations_iPhone = "UIInterfaceOrientationPortrait UIInterfaceOrientationLandscapeLeft UIInterfaceOrientationLandscapeRight";
				LD_RUNPATH_SEARCH_PATHS = (
					"$(inherited)",
					"@executable_path/Frameworks",
				);
				MARKETING_VERSION = 1.0;
				PRODUCT_BUNDLE_IDENTIFIER = raife.armstrong.com.Yummi;
				PRODUCT_NAME = "$(TARGET_NAME)";
				SWIFT_EMIT_LOC_STRINGS = YES;
				SWIFT_VERSION = 5.0;
				TARGETED_DEVICE_FAMILY = "1,2";
			};
			name = Debug;
		};
		C9D79C112B5FC59200CBDAFD /* Release */ = {
			isa = XCBuildConfiguration;
			buildSettings = {
				ASSETCATALOG_COMPILER_APPICON_NAME = AppIcon;
				ASSETCATALOG_COMPILER_GLOBAL_ACCENT_COLOR_NAME = AccentColor;
				CODE_SIGN_STYLE = Automatic;
				CURRENT_PROJECT_VERSION = 1;
				DEVELOPMENT_ASSET_PATHS = "\"Yummi/Preview Content\"";
				ENABLE_PREVIEWS = YES;
				GENERATE_INFOPLIST_FILE = YES;
				INFOPLIST_KEY_UIApplicationSceneManifest_Generation = YES;
				INFOPLIST_KEY_UIApplicationSupportsIndirectInputEvents = YES;
				INFOPLIST_KEY_UILaunchScreen_Generation = YES;
				INFOPLIST_KEY_UISupportedInterfaceOrientations_iPad = "UIInterfaceOrientationPortrait UIInterfaceOrientationPortraitUpsideDown UIInterfaceOrientationLandscapeLeft UIInterfaceOrientationLandscapeRight";
				INFOPLIST_KEY_UISupportedInterfaceOrientations_iPhone = "UIInterfaceOrientationPortrait UIInterfaceOrientationLandscapeLeft UIInterfaceOrientationLandscapeRight";
				LD_RUNPATH_SEARCH_PATHS = (
					"$(inherited)",
					"@executable_path/Frameworks",
				);
				MARKETING_VERSION = 1.0;
				PRODUCT_BUNDLE_IDENTIFIER = raife.armstrong.com.Yummi;
				PRODUCT_NAME = "$(TARGET_NAME)";
				SWIFT_EMIT_LOC_STRINGS = YES;
				SWIFT_VERSION = 5.0;
				TARGETED_DEVICE_FAMILY = "1,2";
			};
			name = Release;
		};
		C9D79C132B5FC59200CBDAFD /* Debug */ = {
			isa = XCBuildConfiguration;
			buildSettings = {
				ALWAYS_EMBED_SWIFT_STANDARD_LIBRARIES = YES;
				BUNDLE_LOADER = "$(TEST_HOST)";
				CODE_SIGN_STYLE = Automatic;
				CURRENT_PROJECT_VERSION = 1;
				GENERATE_INFOPLIST_FILE = YES;
				IPHONEOS_DEPLOYMENT_TARGET = 17.2;
				MARKETING_VERSION = 1.0;
				PRODUCT_BUNDLE_IDENTIFIER = raife.armstrong.com.YummiTests;
				PRODUCT_NAME = "$(TARGET_NAME)";
				SWIFT_EMIT_LOC_STRINGS = NO;
				SWIFT_VERSION = 5.0;
				TARGETED_DEVICE_FAMILY = "1,2";
				TEST_HOST = "$(BUILT_PRODUCTS_DIR)/Yummi.app/$(BUNDLE_EXECUTABLE_FOLDER_PATH)/Yummi";
			};
			name = Debug;
		};
		C9D79C142B5FC59200CBDAFD /* Release */ = {
			isa = XCBuildConfiguration;
			buildSettings = {
				ALWAYS_EMBED_SWIFT_STANDARD_LIBRARIES = YES;
				BUNDLE_LOADER = "$(TEST_HOST)";
				CODE_SIGN_STYLE = Automatic;
				CURRENT_PROJECT_VERSION = 1;
				GENERATE_INFOPLIST_FILE = YES;
				IPHONEOS_DEPLOYMENT_TARGET = 17.2;
				MARKETING_VERSION = 1.0;
				PRODUCT_BUNDLE_IDENTIFIER = raife.armstrong.com.YummiTests;
				PRODUCT_NAME = "$(TARGET_NAME)";
				SWIFT_EMIT_LOC_STRINGS = NO;
				SWIFT_VERSION = 5.0;
				TARGETED_DEVICE_FAMILY = "1,2";
				TEST_HOST = "$(BUILT_PRODUCTS_DIR)/Yummi.app/$(BUNDLE_EXECUTABLE_FOLDER_PATH)/Yummi";
			};
			name = Release;
		};
		C9D79C162B5FC59200CBDAFD /* Debug */ = {
			isa = XCBuildConfiguration;
			buildSettings = {
				ALWAYS_EMBED_SWIFT_STANDARD_LIBRARIES = YES;
				CODE_SIGN_STYLE = Automatic;
				CURRENT_PROJECT_VERSION = 1;
				GENERATE_INFOPLIST_FILE = YES;
				MARKETING_VERSION = 1.0;
				PRODUCT_BUNDLE_IDENTIFIER = raife.armstrong.com.YummiUITests;
				PRODUCT_NAME = "$(TARGET_NAME)";
				SWIFT_EMIT_LOC_STRINGS = NO;
				SWIFT_VERSION = 5.0;
				TARGETED_DEVICE_FAMILY = "1,2";
				TEST_TARGET_NAME = Yummi;
			};
			name = Debug;
		};
		C9D79C172B5FC59200CBDAFD /* Release */ = {
			isa = XCBuildConfiguration;
			buildSettings = {
				ALWAYS_EMBED_SWIFT_STANDARD_LIBRARIES = YES;
				CODE_SIGN_STYLE = Automatic;
				CURRENT_PROJECT_VERSION = 1;
				GENERATE_INFOPLIST_FILE = YES;
				MARKETING_VERSION = 1.0;
				PRODUCT_BUNDLE_IDENTIFIER = raife.armstrong.com.YummiUITests;
				PRODUCT_NAME = "$(TARGET_NAME)";
				SWIFT_EMIT_LOC_STRINGS = NO;
				SWIFT_VERSION = 5.0;
				TARGETED_DEVICE_FAMILY = "1,2";
				TEST_TARGET_NAME = Yummi;
			};
			name = Release;
		};
/* End XCBuildConfiguration section */

/* Begin XCConfigurationList section */
		C9D79BE62B5FC59000CBDAFD /* Build configuration list for PBXProject "Yummi" */ = {
			isa = XCConfigurationList;
			buildConfigurations = (
				C9D79C0D2B5FC59200CBDAFD /* Debug */,
				C9D79C0E2B5FC59200CBDAFD /* Release */,
			);
			defaultConfigurationIsVisible = 0;
			defaultConfigurationName = Release;
		};
		C9D79C0F2B5FC59200CBDAFD /* Build configuration list for PBXNativeTarget "Yummi" */ = {
			isa = XCConfigurationList;
			buildConfigurations = (
				C9D79C102B5FC59200CBDAFD /* Debug */,
				C9D79C112B5FC59200CBDAFD /* Release */,
			);
			defaultConfigurationIsVisible = 0;
			defaultConfigurationName = Release;
		};
		C9D79C122B5FC59200CBDAFD /* Build configuration list for PBXNativeTarget "YummiTests" */ = {
			isa = XCConfigurationList;
			buildConfigurations = (
				C9D79C132B5FC59200CBDAFD /* Debug */,
				C9D79C142B5FC59200CBDAFD /* Release */,
			);
			defaultConfigurationIsVisible = 0;
			defaultConfigurationName = Release;
		};
		C9D79C152B5FC59200CBDAFD /* Build configuration list for PBXNativeTarget "YummiUITests" */ = {
			isa = XCConfigurationList;
			buildConfigurations = (
				C9D79C162B5FC59200CBDAFD /* Debug */,
				C9D79C172B5FC59200CBDAFD /* Release */,
			);
			defaultConfigurationIsVisible = 0;
			defaultConfigurationName = Release;
		};
/* End XCConfigurationList section */
	};
	rootObject = C9D79BE32B5FC59000CBDAFD /* Project object */;
}
